# This file is automatically @generated by Cargo.
# It is not intended for manual editing.
version = 3

[[package]]
name = "aes-cbc"
version = "0.1.0"
dependencies = [
 "hex",
 "libaes",
]

[[package]]
name = "hex"
version = "0.4.3"
source = "registry+https://github.com/rust-lang/crates.io-index"
checksum = "7f24254aa9a54b5c858eaee2f5bccdb46aaf0e486a595ed5fd8f86ba55232a70"

[[package]]
name = "libaes"
version = "0.7.0"
source = "registry+https://github.com/rust-lang/crates.io-index"
checksum = "82903360c009b816f5ab72a9b68158c27c301ee2c3f20655b55c5e589e7d3bb7"
